
Microsoft Visual Studio Solution File, Format Version 12.00
# Visual Studio 15
VisualStudioVersion = 15.0.26730.3
MinimumVisualStudioVersion = 10.0.40219.1
Project("{FAE04EC0-301F-11D3-BF4B-00C04F79EFBC}") = "Demo.AspNetCore.ServerSentEvents", "Demo.AspNetCore.ServerSentEvents\Demo.AspNetCore.ServerSentEvents.csproj", "{4D928371-6971-4259-903D-876181A9BC8F}"
EndProject
Project("{FAE04EC0-301F-11D3-BF4B-00C04F79EFBC}") = "Demo.Test", "Demo.Test\Demo.Test.csproj", "{9FF39ADD-1025-4FCC-A7C0-F01F10BF1FFC}"
EndProject
Global
	GlobalSection(SolutionConfigurationPlatforms) = preSolution
		Debug|Any CPU = Debug|Any CPU
		Release|Any CPU = Release|Any CPU
	EndGlobalSection
	GlobalSection(ProjectConfigurationPlatforms) = postSolution
		{4D928371-6971-4259-903D-876181A9BC8F}.Debug|Any CPU.ActiveCfg = Debug|Any CPU
		{4D928371-6971-4259-903D-876181A9BC8F}.Debug|Any CPU.Build.0 = Debug|Any CPU
		{4D928371-6971-4259-903D-876181A9BC8F}.Release|Any CPU.ActiveCfg = Release|Any CPU
		{4D928371-6971-4259-903D-876181A9BC8F}.Release|Any CPU.Build.0 = Release|Any CPU
		{9FF39ADD-1025-4FCC-A7C0-F01F10BF1FFC}.Debug|Any CPU.ActiveCfg = Debug|Any CPU
		{9FF39ADD-1025-4FCC-A7C0-F01F10BF1FFC}.Debug|Any CPU.Build.0 = Debug|Any CPU
		{9FF39ADD-1025-4FCC-A7C0-F01F10BF1FFC}.Release|Any CPU.ActiveCfg = Release|Any CPU
		{9FF39ADD-1025-4FCC-A7C0-F01F10BF1FFC}.Release|Any CPU.Build.0 = Release|Any CPU
	EndGlobalSection
	GlobalSection(SolutionProperties) = preSolution
		HideSolutionNode = FALSE
	EndGlobalSection
	GlobalSection(ExtensibilityGlobals) = postSolution
		SolutionGuid = {54DC07BA-0B88-401B-8C14-601E5D16794C}
	EndGlobalSection
EndGlobal
